{
    "name": "root",
    "version": "0.0.0",
    "lockfileVersion": 3,
    "requires": true,
    "packages": {
        "": {
            "name": "root",
            "version": "0.0.0",
            "license": "MIT",
            "workspaces": [
                "packages/*"
            ],
            "devDependencies": {
                "turbo": "^2.0.11"
            },
            "engines": {
                "node": ">=18"
            }
        },
        "node_modules/turbo": {
            "version": "2.0.13",
            "resolved": "https://registry.npmjs.org/turbo/-/turbo-2.0.13.tgz",
            "integrity": "sha512-xZYCpvy+Q5X05HQLVbup/nUva/EPd8QKX/WLfztz8Yhh7yH+VN9t+P9ACG2U0ThlrqX4uFS0tuE0jaCLvL1Imw==",
            "dev": true,
            "license": "MIT",
            "bin": {
                "turbo": "bin/turbo"
            },
            "optionalDependencies": {
                "turbo-darwin-64": "2.0.13",
                "turbo-darwin-arm64": "2.0.13",
                "turbo-linux-64": "2.0.13",
                "turbo-linux-arm64": "2.0.13",
                "turbo-windows-64": "2.0.13",
                "turbo-windows-arm64": "2.0.13"
            }
        },
        "node_modules/turbo-darwin-64": {
            "version": "2.0.13",
            "resolved": "https://registry.npmjs.org/turbo-darwin-64/-/turbo-darwin-64-2.0.13.tgz",
            "integrity": "sha512-1qoFGvSE/kG1Njl1a1b35+AlJyCBE/+cb7GcglxuUM0Fh0JNR6FIWGhiubUhFLoIdFkdRbPpTH5smhPpRk757w==",
            "cpu": [
                "x64"
            ],
            "dev": true,
            "license": "MIT",
            "optional": true,
            "os": [
                "darwin"
            ]
        },
        "node_modules/turbo-darwin-arm64": {
            "version": "2.0.13",
            "resolved": "https://registry.npmjs.org/turbo-darwin-arm64/-/turbo-darwin-arm64-2.0.13.tgz",
            "integrity": "sha512-3fgbjKeRjvZTKJhn6eOyA6SaFXlRHx/z7qAWYcTbq7iu2zd+n0OHRyah9Voy2ZihiGAI0Bw4QfVWo3d1qTabgA==",
            "cpu": [
                "arm64"
            ],
            "dev": true,
            "license": "MIT",
            "optional": true,
            "os": [
                "darwin"
            ]
        },
        "node_modules/turbo-linux-64": {
            "version": "2.0.13",
            "resolved": "https://registry.npmjs.org/turbo-linux-64/-/turbo-linux-64-2.0.13.tgz",
            "integrity": "sha512-1nMO5NWHWs4jI5SV8SMlGtR3/jBlud1ld/ltayYwOXm6zdznj0/mTNNE9AjfOs/aAei2wZE1HWUHXe46q/nZtw==",
            "cpu": [
                "x64"
            ],
            "dev": true,
            "license": "MIT",
            "optional": true,
            "os": [
                "linux"
            ]
        },
        "node_modules/turbo-linux-arm64": {
            "version": "2.0.13",
            "resolved": "https://registry.npmjs.org/turbo-linux-arm64/-/turbo-linux-arm64-2.0.13.tgz",
            "integrity": "sha512-JkQYAAMbEW3jkzhbtY4hi0Q61tlSd46qLEVBQqnur9VymC4TfD6kllVMpRtbmXv8jdfGPu+rEIeYrzjHpyqMfg==",
            "cpu": [
                "arm64"
            ],
            "dev": true,
            "license": "MIT",
            "optional": true,
            "os": [
                "linux"
            ]
        },
        "node_modules/turbo-windows-64": {
            "version": "2.0.13",
            "resolved": "https://registry.npmjs.org/turbo-windows-64/-/turbo-windows-64-2.0.13.tgz",
            "integrity": "sha512-QYJfYPnmb3j16CR4mucYicC+tlY1fsFws6fkqZe2b8jBpRyOslxkEk4XJWCsvUizPSYpOdAnTL9baunLH7hWrA==",
            "cpu": [
                "x64"
            ],
            "dev": true,
            "license": "MIT",
            "optional": true,
            "os": [
                "win32"
            ]
        },
        "node_modules/turbo-windows-arm64": {
            "version": "2.0.13",
            "resolved": "https://registry.npmjs.org/turbo-windows-arm64/-/turbo-windows-arm64-2.0.13.tgz",
            "integrity": "sha512-dnVN19dq7jszcKVBy4+T1IMmMY1ergigJZdl76Bbc99QOwaXsTR7ci4sle89HvJb+F1z/MXSq8ePvRTcy6dKRw==",
            "cpu": [
                "arm64"
            ],
            "dev": true,
            "license": "MIT",
            "optional": true,
            "os": [
                "win32"
            ]
        }
    }
}
